
Microsoft Visual Studio Solution File, Format Version 12.00
# Visual Studio Version 17
VisualStudioVersion = 17.7.33711.374
MinimumVisualStudioVersion = 10.0.40219.1
Project("{FAE04EC0-301F-11D3-BF4B-00C04F79EFBC}") = "FileRead", "src\PluginSkills\FileRead\FileRead.csproj", "{2A99C60C-097F-4F46-B0BC-B392783FCFA5}"
EndProject
Project("{FAE04EC0-301F-11D3-BF4B-00C04F79EFBC}") = "GetWebContent", "src\PluginSkills\GetWebContent\GetWebContent.csproj", "{89986F84-2E4F-46E4-BFA9-E9C9173D4E64}"
EndProject
Global
	GlobalSection(SolutionConfigurationPlatforms) = preSolution
		Debug|x64 = Debug|x64
		Release|x64 = Release|x64
	EndGlobalSection
	GlobalSection(ProjectConfigurationPlatforms) = postSolution
		{2A99C60C-097F-4F46-B0BC-B392783FCFA5}.Debug|x64.ActiveCfg = Debug|x64
		{2A99C60C-097F-4F46-B0BC-B392783FCFA5}.Debug|x64.Build.0 = Debug|x64
		{2A99C60C-097F-4F46-B0BC-B392783FCFA5}.Release|x64.ActiveCfg = Release|x64
		{2A99C60C-097F-4F46-B0BC-B392783FCFA5}.Release|x64.Build.0 = Release|x64
		{89986F84-2E4F-46E4-BFA9-E9C9173D4E64}.Debug|x64.ActiveCfg = Debug|Any CPU
		{89986F84-2E4F-46E4-BFA9-E9C9173D4E64}.Debug|x64.Build.0 = Debug|Any CPU
		{89986F84-2E4F-46E4-BFA9-E9C9173D4E64}.Release|x64.ActiveCfg = Release|Any CPU
		{89986F84-2E4F-46E4-BFA9-E9C9173D4E64}.Release|x64.Build.0 = Release|Any CPU
	EndGlobalSection
	GlobalSection(SolutionProperties) = preSolution
		HideSolutionNode = FALSE
	EndGlobalSection
	GlobalSection(ExtensibilityGlobals) = postSolution
		SolutionGuid = {89281FC0-011A-4064-8984-F047D9F49DED}
	EndGlobalSection
EndGlobal
