
Microsoft Visual Studio Solution File, Format Version 12.00
# Visual Studio Version 17
VisualStudioVersion = 17.4.33403.182
MinimumVisualStudioVersion = 10.0.40219.1
Project("{9A19103F-16F7-4668-BE54-9A1E7A4F7556}") = "App", "src\App\App.csproj", "{69D4950D-5A99-4062-938C-3D035E23BD3B}"
EndProject
Project("{2150E333-8FDC-42A3-9474-1A3956D46DE8}") = "Models", "Models", "{07974B37-9C39-4918-8082-9CA110DA9C6E}"
EndProject
Project("{9A19103F-16F7-4668-BE54-9A1E7A4F7556}") = "Models.App", "src\Models\Models.App\Models.App.csproj", "{52870252-B44F-4597-9E0C-314FFE4969C5}"
EndProject
Project("{9A19103F-16F7-4668-BE54-9A1E7A4F7556}") = "Models.Constants", "src\Models\Models.Constants\Models.Constants.csproj", "{64D04C1C-386F-40B7-B8A8-07776802340B}"
EndProject
Project("{2150E333-8FDC-42A3-9474-1A3956D46DE8}") = "Libs", "Libs", "{813FB0A8-327A-4F71-82D5-D6FFCDADCD40}"
EndProject
Project("{9A19103F-16F7-4668-BE54-9A1E7A4F7556}") = "DI.Container", "src\Libs\DI.Container\DI.Container.csproj", "{2C7B5101-55FC-489A-9CEE-7B2E048D2BE8}"
EndProject
Project("{9A19103F-16F7-4668-BE54-9A1E7A4F7556}") = "DI.App", "src\Libs\DI.App\DI.App.csproj", "{3168C736-EED6-4D03-972D-210FCDA690EC}"
EndProject
Project("{2150E333-8FDC-42A3-9474-1A3956D46DE8}") = "Toolkits", "Toolkits", "{32868E13-D18F-4A51-9A11-AE8662E7CA74}"
EndProject
Project("{9A19103F-16F7-4668-BE54-9A1E7A4F7556}") = "Toolkits.Interfaces", "src\Toolkits\Toolkits.Interfaces\Toolkits.Interfaces.csproj", "{F53AA63A-F8D4-471C-B49E-B2A8BF33A738}"
EndProject
Project("{9A19103F-16F7-4668-BE54-9A1E7A4F7556}") = "Toolkits.Desktop", "src\Toolkits\Toolkits.Desktop\Toolkits.Desktop.csproj", "{6BE2FBE3-C80B-4BCD-84A5-4D804E895BB8}"
EndProject
Project("{2150E333-8FDC-42A3-9474-1A3956D46DE8}") = "Services", "Services", "{330D3B5A-E7EC-4BDA-A4CA-63618B5B16EC}"
EndProject
Project("{9A19103F-16F7-4668-BE54-9A1E7A4F7556}") = "Services.Interfaces", "src\Services\Services.Interfaces\Services.Interfaces.csproj", "{7744C5ED-DA85-4F13-8E0E-A0DCFDB2EAB3}"
EndProject
Project("{9A19103F-16F7-4668-BE54-9A1E7A4F7556}") = "Services.Desktop", "src\Services\Services.Desktop\Services.Desktop.csproj", "{E8F52CBB-6488-4F70-9428-705D1C480395}"
EndProject
Project("{2150E333-8FDC-42A3-9474-1A3956D46DE8}") = "ViewModels", "ViewModels", "{BB91018B-026D-4B3D-8D21-D85010305E6C}"
EndProject
Project("{9A19103F-16F7-4668-BE54-9A1E7A4F7556}") = "ViewModels.Interfaces", "src\ViewModels\ViewModels.Interfaces\ViewModels.Interfaces.csproj", "{B74A3CB2-1404-4290-856C-A0C79219188B}"
EndProject
Project("{9A19103F-16F7-4668-BE54-9A1E7A4F7556}") = "ViewModels.Desktop", "src\ViewModels\ViewModels.Desktop\ViewModels.Desktop.csproj", "{40D6FBC7-F33C-4510-B3E4-5EBB621D7AC3}"
EndProject
Project("{9A19103F-16F7-4668-BE54-9A1E7A4F7556}") = "Libs.Everything", "src\Libs\Libs.Everything\Libs.Everything.csproj", "{824CBEA9-0814-4EE8-A433-37ADCDC92BED}"
EndProject
Project("{9A19103F-16F7-4668-BE54-9A1E7A4F7556}") = "Libs.NativeSkills", "src\Libs\Libs.NativeSkills\Libs.NativeSkills.csproj", "{7B368510-EB9C-4809-9E4D-4D42489CCD26}"
EndProject
Project("{9A19103F-16F7-4668-BE54-9A1E7A4F7556}") = "Libs.Markdown", "src\Libs\Libs.Markdown\Libs.Markdown.csproj", "{DAAA2D4A-78E5-4D3A-AC56-6EAFCFD233D2}"
EndProject
Project("{9A19103F-16F7-4668-BE54-9A1E7A4F7556}") = "Libs.ResourceGenerator", "src\Libs\Libs.ResourceGenerator\Libs.ResourceGenerator.csproj", "{3FC146D7-DE9B-46BA-90DE-EA494E098CDA}"
EndProject
Project("{FAE04EC0-301F-11D3-BF4B-00C04F79EFBC}") = "Libs.CustomConnector", "src\Libs\Libs.CustomConnector\Libs.CustomConnector.csproj", "{81A58EE5-86F7-47B4-9945-56EF8CBA803B}"
EndProject
Global
	GlobalSection(SolutionConfigurationPlatforms) = preSolution
		Debug|Any CPU = Debug|Any CPU
		Debug|ARM64 = Debug|ARM64
		Debug|x64 = Debug|x64
		Debug|x86 = Debug|x86
		Release|Any CPU = Release|Any CPU
		Release|ARM64 = Release|ARM64
		Release|x64 = Release|x64
		Release|x86 = Release|x86
	EndGlobalSection
	GlobalSection(ProjectConfigurationPlatforms) = postSolution
		{69D4950D-5A99-4062-938C-3D035E23BD3B}.Debug|Any CPU.ActiveCfg = Debug|x64
		{69D4950D-5A99-4062-938C-3D035E23BD3B}.Debug|Any CPU.Build.0 = Debug|x64
		{69D4950D-5A99-4062-938C-3D035E23BD3B}.Debug|Any CPU.Deploy.0 = Debug|x64
		{69D4950D-5A99-4062-938C-3D035E23BD3B}.Debug|ARM64.ActiveCfg = Debug|ARM64
		{69D4950D-5A99-4062-938C-3D035E23BD3B}.Debug|ARM64.Build.0 = Debug|ARM64
		{69D4950D-5A99-4062-938C-3D035E23BD3B}.Debug|ARM64.Deploy.0 = Debug|ARM64
		{69D4950D-5A99-4062-938C-3D035E23BD3B}.Debug|x64.ActiveCfg = Debug|x64
		{69D4950D-5A99-4062-938C-3D035E23BD3B}.Debug|x64.Build.0 = Debug|x64
		{69D4950D-5A99-4062-938C-3D035E23BD3B}.Debug|x64.Deploy.0 = Debug|x64
		{69D4950D-5A99-4062-938C-3D035E23BD3B}.Debug|x86.ActiveCfg = Debug|x86
		{69D4950D-5A99-4062-938C-3D035E23BD3B}.Debug|x86.Build.0 = Debug|x86
		{69D4950D-5A99-4062-938C-3D035E23BD3B}.Debug|x86.Deploy.0 = Debug|x86
		{69D4950D-5A99-4062-938C-3D035E23BD3B}.Release|Any CPU.ActiveCfg = Release|x64
		{69D4950D-5A99-4062-938C-3D035E23BD3B}.Release|Any CPU.Build.0 = Release|x64
		{69D4950D-5A99-4062-938C-3D035E23BD3B}.Release|Any CPU.Deploy.0 = Release|x64
		{69D4950D-5A99-4062-938C-3D035E23BD3B}.Release|ARM64.ActiveCfg = Release|ARM64
		{69D4950D-5A99-4062-938C-3D035E23BD3B}.Release|ARM64.Build.0 = Release|ARM64
		{69D4950D-5A99-4062-938C-3D035E23BD3B}.Release|ARM64.Deploy.0 = Release|ARM64
		{69D4950D-5A99-4062-938C-3D035E23BD3B}.Release|x64.ActiveCfg = Release|x64
		{69D4950D-5A99-4062-938C-3D035E23BD3B}.Release|x64.Build.0 = Release|x64
		{69D4950D-5A99-4062-938C-3D035E23BD3B}.Release|x64.Deploy.0 = Release|x64
		{69D4950D-5A99-4062-938C-3D035E23BD3B}.Release|x86.ActiveCfg = Release|x86
		{69D4950D-5A99-4062-938C-3D035E23BD3B}.Release|x86.Build.0 = Release|x86
		{69D4950D-5A99-4062-938C-3D035E23BD3B}.Release|x86.Deploy.0 = Release|x86
		{52870252-B44F-4597-9E0C-314FFE4969C5}.Debug|Any CPU.ActiveCfg = Debug|Any CPU
		{52870252-B44F-4597-9E0C-314FFE4969C5}.Debug|Any CPU.Build.0 = Debug|Any CPU
		{52870252-B44F-4597-9E0C-314FFE4969C5}.Debug|ARM64.ActiveCfg = Debug|Any CPU
		{52870252-B44F-4597-9E0C-314FFE4969C5}.Debug|ARM64.Build.0 = Debug|Any CPU
		{52870252-B44F-4597-9E0C-314FFE4969C5}.Debug|x64.ActiveCfg = Debug|Any CPU
		{52870252-B44F-4597-9E0C-314FFE4969C5}.Debug|x64.Build.0 = Debug|Any CPU
		{52870252-B44F-4597-9E0C-314FFE4969C5}.Debug|x86.ActiveCfg = Debug|Any CPU
		{52870252-B44F-4597-9E0C-314FFE4969C5}.Debug|x86.Build.0 = Debug|Any CPU
		{52870252-B44F-4597-9E0C-314FFE4969C5}.Release|Any CPU.ActiveCfg = Release|Any CPU
		{52870252-B44F-4597-9E0C-314FFE4969C5}.Release|Any CPU.Build.0 = Release|Any CPU
		{52870252-B44F-4597-9E0C-314FFE4969C5}.Release|ARM64.ActiveCfg = Release|Any CPU
		{52870252-B44F-4597-9E0C-314FFE4969C5}.Release|ARM64.Build.0 = Release|Any CPU
		{52870252-B44F-4597-9E0C-314FFE4969C5}.Release|x64.ActiveCfg = Release|Any CPU
		{52870252-B44F-4597-9E0C-314FFE4969C5}.Release|x64.Build.0 = Release|Any CPU
		{52870252-B44F-4597-9E0C-314FFE4969C5}.Release|x86.ActiveCfg = Release|Any CPU
		{52870252-B44F-4597-9E0C-314FFE4969C5}.Release|x86.Build.0 = Release|Any CPU
		{64D04C1C-386F-40B7-B8A8-07776802340B}.Debug|Any CPU.ActiveCfg = Debug|Any CPU
		{64D04C1C-386F-40B7-B8A8-07776802340B}.Debug|Any CPU.Build.0 = Debug|Any CPU
		{64D04C1C-386F-40B7-B8A8-07776802340B}.Debug|ARM64.ActiveCfg = Debug|Any CPU
		{64D04C1C-386F-40B7-B8A8-07776802340B}.Debug|ARM64.Build.0 = Debug|Any CPU
		{64D04C1C-386F-40B7-B8A8-07776802340B}.Debug|x64.ActiveCfg = Debug|Any CPU
		{64D04C1C-386F-40B7-B8A8-07776802340B}.Debug|x64.Build.0 = Debug|Any CPU
		{64D04C1C-386F-40B7-B8A8-07776802340B}.Debug|x86.ActiveCfg = Debug|Any CPU
		{64D04C1C-386F-40B7-B8A8-07776802340B}.Debug|x86.Build.0 = Debug|Any CPU
		{64D04C1C-386F-40B7-B8A8-07776802340B}.Release|Any CPU.ActiveCfg = Release|Any CPU
		{64D04C1C-386F-40B7-B8A8-07776802340B}.Release|Any CPU.Build.0 = Release|Any CPU
		{64D04C1C-386F-40B7-B8A8-07776802340B}.Release|ARM64.ActiveCfg = Release|Any CPU
		{64D04C1C-386F-40B7-B8A8-07776802340B}.Release|ARM64.Build.0 = Release|Any CPU
		{64D04C1C-386F-40B7-B8A8-07776802340B}.Release|x64.ActiveCfg = Release|Any CPU
		{64D04C1C-386F-40B7-B8A8-07776802340B}.Release|x64.Build.0 = Release|Any CPU
		{64D04C1C-386F-40B7-B8A8-07776802340B}.Release|x86.ActiveCfg = Release|Any CPU
		{64D04C1C-386F-40B7-B8A8-07776802340B}.Release|x86.Build.0 = Release|Any CPU
		{2C7B5101-55FC-489A-9CEE-7B2E048D2BE8}.Debug|Any CPU.ActiveCfg = Debug|Any CPU
		{2C7B5101-55FC-489A-9CEE-7B2E048D2BE8}.Debug|Any CPU.Build.0 = Debug|Any CPU
		{2C7B5101-55FC-489A-9CEE-7B2E048D2BE8}.Debug|ARM64.ActiveCfg = Debug|Any CPU
		{2C7B5101-55FC-489A-9CEE-7B2E048D2BE8}.Debug|ARM64.Build.0 = Debug|Any CPU
		{2C7B5101-55FC-489A-9CEE-7B2E048D2BE8}.Debug|x64.ActiveCfg = Debug|Any CPU
		{2C7B5101-55FC-489A-9CEE-7B2E048D2BE8}.Debug|x64.Build.0 = Debug|Any CPU
		{2C7B5101-55FC-489A-9CEE-7B2E048D2BE8}.Debug|x86.ActiveCfg = Debug|Any CPU
		{2C7B5101-55FC-489A-9CEE-7B2E048D2BE8}.Debug|x86.Build.0 = Debug|Any CPU
		{2C7B5101-55FC-489A-9CEE-7B2E048D2BE8}.Release|Any CPU.ActiveCfg = Release|Any CPU
		{2C7B5101-55FC-489A-9CEE-7B2E048D2BE8}.Release|Any CPU.Build.0 = Release|Any CPU
		{2C7B5101-55FC-489A-9CEE-7B2E048D2BE8}.Release|ARM64.ActiveCfg = Release|Any CPU
		{2C7B5101-55FC-489A-9CEE-7B2E048D2BE8}.Release|ARM64.Build.0 = Release|Any CPU
		{2C7B5101-55FC-489A-9CEE-7B2E048D2BE8}.Release|x64.ActiveCfg = Release|Any CPU
		{2C7B5101-55FC-489A-9CEE-7B2E048D2BE8}.Release|x64.Build.0 = Release|Any CPU
		{2C7B5101-55FC-489A-9CEE-7B2E048D2BE8}.Release|x86.ActiveCfg = Release|Any CPU
		{2C7B5101-55FC-489A-9CEE-7B2E048D2BE8}.Release|x86.Build.0 = Release|Any CPU
		{3168C736-EED6-4D03-972D-210FCDA690EC}.Debug|Any CPU.ActiveCfg = Debug|Any CPU
		{3168C736-EED6-4D03-972D-210FCDA690EC}.Debug|Any CPU.Build.0 = Debug|Any CPU
		{3168C736-EED6-4D03-972D-210FCDA690EC}.Debug|ARM64.ActiveCfg = Debug|Any CPU
		{3168C736-EED6-4D03-972D-210FCDA690EC}.Debug|ARM64.Build.0 = Debug|Any CPU
		{3168C736-EED6-4D03-972D-210FCDA690EC}.Debug|x64.ActiveCfg = Debug|Any CPU
		{3168C736-EED6-4D03-972D-210FCDA690EC}.Debug|x64.Build.0 = Debug|Any CPU
		{3168C736-EED6-4D03-972D-210FCDA690EC}.Debug|x86.ActiveCfg = Debug|Any CPU
		{3168C736-EED6-4D03-972D-210FCDA690EC}.Debug|x86.Build.0 = Debug|Any CPU
		{3168C736-EED6-4D03-972D-210FCDA690EC}.Release|Any CPU.ActiveCfg = Release|Any CPU
		{3168C736-EED6-4D03-972D-210FCDA690EC}.Release|Any CPU.Build.0 = Release|Any CPU
		{3168C736-EED6-4D03-972D-210FCDA690EC}.Release|ARM64.ActiveCfg = Release|Any CPU
		{3168C736-EED6-4D03-972D-210FCDA690EC}.Release|ARM64.Build.0 = Release|Any CPU
		{3168C736-EED6-4D03-972D-210FCDA690EC}.Release|x64.ActiveCfg = Release|Any CPU
		{3168C736-EED6-4D03-972D-210FCDA690EC}.Release|x64.Build.0 = Release|Any CPU
		{3168C736-EED6-4D03-972D-210FCDA690EC}.Release|x86.ActiveCfg = Release|Any CPU
		{3168C736-EED6-4D03-972D-210FCDA690EC}.Release|x86.Build.0 = Release|Any CPU
		{F53AA63A-F8D4-471C-B49E-B2A8BF33A738}.Debug|Any CPU.ActiveCfg = Debug|Any CPU
		{F53AA63A-F8D4-471C-B49E-B2A8BF33A738}.Debug|Any CPU.Build.0 = Debug|Any CPU
		{F53AA63A-F8D4-471C-B49E-B2A8BF33A738}.Debug|ARM64.ActiveCfg = Debug|Any CPU
		{F53AA63A-F8D4-471C-B49E-B2A8BF33A738}.Debug|ARM64.Build.0 = Debug|Any CPU
		{F53AA63A-F8D4-471C-B49E-B2A8BF33A738}.Debug|x64.ActiveCfg = Debug|Any CPU
		{F53AA63A-F8D4-471C-B49E-B2A8BF33A738}.Debug|x64.Build.0 = Debug|Any CPU
		{F53AA63A-F8D4-471C-B49E-B2A8BF33A738}.Debug|x86.ActiveCfg = Debug|Any CPU
		{F53AA63A-F8D4-471C-B49E-B2A8BF33A738}.Debug|x86.Build.0 = Debug|Any CPU
		{F53AA63A-F8D4-471C-B49E-B2A8BF33A738}.Release|Any CPU.ActiveCfg = Release|Any CPU
		{F53AA63A-F8D4-471C-B49E-B2A8BF33A738}.Release|Any CPU.Build.0 = Release|Any CPU
		{F53AA63A-F8D4-471C-B49E-B2A8BF33A738}.Release|ARM64.ActiveCfg = Release|Any CPU
		{F53AA63A-F8D4-471C-B49E-B2A8BF33A738}.Release|ARM64.Build.0 = Release|Any CPU
		{F53AA63A-F8D4-471C-B49E-B2A8BF33A738}.Release|x64.ActiveCfg = Release|Any CPU
		{F53AA63A-F8D4-471C-B49E-B2A8BF33A738}.Release|x64.Build.0 = Release|Any CPU
		{F53AA63A-F8D4-471C-B49E-B2A8BF33A738}.Release|x86.ActiveCfg = Release|Any CPU
		{F53AA63A-F8D4-471C-B49E-B2A8BF33A738}.Release|x86.Build.0 = Release|Any CPU
		{6BE2FBE3-C80B-4BCD-84A5-4D804E895BB8}.Debug|Any CPU.ActiveCfg = Debug|Any CPU
		{6BE2FBE3-C80B-4BCD-84A5-4D804E895BB8}.Debug|Any CPU.Build.0 = Debug|Any CPU
		{6BE2FBE3-C80B-4BCD-84A5-4D804E895BB8}.Debug|ARM64.ActiveCfg = Debug|Any CPU
		{6BE2FBE3-C80B-4BCD-84A5-4D804E895BB8}.Debug|ARM64.Build.0 = Debug|Any CPU
		{6BE2FBE3-C80B-4BCD-84A5-4D804E895BB8}.Debug|x64.ActiveCfg = Debug|Any CPU
		{6BE2FBE3-C80B-4BCD-84A5-4D804E895BB8}.Debug|x64.Build.0 = Debug|Any CPU
		{6BE2FBE3-C80B-4BCD-84A5-4D804E895BB8}.Debug|x86.ActiveCfg = Debug|Any CPU
		{6BE2FBE3-C80B-4BCD-84A5-4D804E895BB8}.Debug|x86.Build.0 = Debug|Any CPU
		{6BE2FBE3-C80B-4BCD-84A5-4D804E895BB8}.Release|Any CPU.ActiveCfg = Release|Any CPU
		{6BE2FBE3-C80B-4BCD-84A5-4D804E895BB8}.Release|Any CPU.Build.0 = Release|Any CPU
		{6BE2FBE3-C80B-4BCD-84A5-4D804E895BB8}.Release|ARM64.ActiveCfg = Release|Any CPU
		{6BE2FBE3-C80B-4BCD-84A5-4D804E895BB8}.Release|ARM64.Build.0 = Release|Any CPU
		{6BE2FBE3-C80B-4BCD-84A5-4D804E895BB8}.Release|x64.ActiveCfg = Release|Any CPU
		{6BE2FBE3-C80B-4BCD-84A5-4D804E895BB8}.Release|x64.Build.0 = Release|Any CPU
		{6BE2FBE3-C80B-4BCD-84A5-4D804E895BB8}.Release|x86.ActiveCfg = Release|Any CPU
		{6BE2FBE3-C80B-4BCD-84A5-4D804E895BB8}.Release|x86.Build.0 = Release|Any CPU
		{7744C5ED-DA85-4F13-8E0E-A0DCFDB2EAB3}.Debug|Any CPU.ActiveCfg = Debug|Any CPU
		{7744C5ED-DA85-4F13-8E0E-A0DCFDB2EAB3}.Debug|Any CPU.Build.0 = Debug|Any CPU
		{7744C5ED-DA85-4F13-8E0E-A0DCFDB2EAB3}.Debug|ARM64.ActiveCfg = Debug|Any CPU
		{7744C5ED-DA85-4F13-8E0E-A0DCFDB2EAB3}.Debug|ARM64.Build.0 = Debug|Any CPU
		{7744C5ED-DA85-4F13-8E0E-A0DCFDB2EAB3}.Debug|x64.ActiveCfg = Debug|Any CPU
		{7744C5ED-DA85-4F13-8E0E-A0DCFDB2EAB3}.Debug|x64.Build.0 = Debug|Any CPU
		{7744C5ED-DA85-4F13-8E0E-A0DCFDB2EAB3}.Debug|x86.ActiveCfg = Debug|Any CPU
		{7744C5ED-DA85-4F13-8E0E-A0DCFDB2EAB3}.Debug|x86.Build.0 = Debug|Any CPU
		{7744C5ED-DA85-4F13-8E0E-A0DCFDB2EAB3}.Release|Any CPU.ActiveCfg = Release|Any CPU
		{7744C5ED-DA85-4F13-8E0E-A0DCFDB2EAB3}.Release|Any CPU.Build.0 = Release|Any CPU
		{7744C5ED-DA85-4F13-8E0E-A0DCFDB2EAB3}.Release|ARM64.ActiveCfg = Release|Any CPU
		{7744C5ED-DA85-4F13-8E0E-A0DCFDB2EAB3}.Release|ARM64.Build.0 = Release|Any CPU
		{7744C5ED-DA85-4F13-8E0E-A0DCFDB2EAB3}.Release|x64.ActiveCfg = Release|Any CPU
		{7744C5ED-DA85-4F13-8E0E-A0DCFDB2EAB3}.Release|x64.Build.0 = Release|Any CPU
		{7744C5ED-DA85-4F13-8E0E-A0DCFDB2EAB3}.Release|x86.ActiveCfg = Release|Any CPU
		{7744C5ED-DA85-4F13-8E0E-A0DCFDB2EAB3}.Release|x86.Build.0 = Release|Any CPU
		{E8F52CBB-6488-4F70-9428-705D1C480395}.Debug|Any CPU.ActiveCfg = Debug|Any CPU
		{E8F52CBB-6488-4F70-9428-705D1C480395}.Debug|Any CPU.Build.0 = Debug|Any CPU
		{E8F52CBB-6488-4F70-9428-705D1C480395}.Debug|ARM64.ActiveCfg = Debug|Any CPU
		{E8F52CBB-6488-4F70-9428-705D1C480395}.Debug|ARM64.Build.0 = Debug|Any CPU
		{E8F52CBB-6488-4F70-9428-705D1C480395}.Debug|x64.ActiveCfg = Debug|Any CPU
		{E8F52CBB-6488-4F70-9428-705D1C480395}.Debug|x64.Build.0 = Debug|Any CPU
		{E8F52CBB-6488-4F70-9428-705D1C480395}.Debug|x86.ActiveCfg = Debug|Any CPU
		{E8F52CBB-6488-4F70-9428-705D1C480395}.Debug|x86.Build.0 = Debug|Any CPU
		{E8F52CBB-6488-4F70-9428-705D1C480395}.Release|Any CPU.ActiveCfg = Release|Any CPU
		{E8F52CBB-6488-4F70-9428-705D1C480395}.Release|Any CPU.Build.0 = Release|Any CPU
		{E8F52CBB-6488-4F70-9428-705D1C480395}.Release|ARM64.ActiveCfg = Release|Any CPU
		{E8F52CBB-6488-4F70-9428-705D1C480395}.Release|ARM64.Build.0 = Release|Any CPU
		{E8F52CBB-6488-4F70-9428-705D1C480395}.Release|x64.ActiveCfg = Release|Any CPU
		{E8F52CBB-6488-4F70-9428-705D1C480395}.Release|x64.Build.0 = Release|Any CPU
		{E8F52CBB-6488-4F70-9428-705D1C480395}.Release|x86.ActiveCfg = Release|Any CPU
		{E8F52CBB-6488-4F70-9428-705D1C480395}.Release|x86.Build.0 = Release|Any CPU
		{B74A3CB2-1404-4290-856C-A0C79219188B}.Debug|Any CPU.ActiveCfg = Debug|Any CPU
		{B74A3CB2-1404-4290-856C-A0C79219188B}.Debug|Any CPU.Build.0 = Debug|Any CPU
		{B74A3CB2-1404-4290-856C-A0C79219188B}.Debug|ARM64.ActiveCfg = Debug|Any CPU
		{B74A3CB2-1404-4290-856C-A0C79219188B}.Debug|ARM64.Build.0 = Debug|Any CPU
		{B74A3CB2-1404-4290-856C-A0C79219188B}.Debug|x64.ActiveCfg = Debug|Any CPU
		{B74A3CB2-1404-4290-856C-A0C79219188B}.Debug|x64.Build.0 = Debug|Any CPU
		{B74A3CB2-1404-4290-856C-A0C79219188B}.Debug|x86.ActiveCfg = Debug|Any CPU
		{B74A3CB2-1404-4290-856C-A0C79219188B}.Debug|x86.Build.0 = Debug|Any CPU
		{B74A3CB2-1404-4290-856C-A0C79219188B}.Release|Any CPU.ActiveCfg = Release|Any CPU
		{B74A3CB2-1404-4290-856C-A0C79219188B}.Release|Any CPU.Build.0 = Release|Any CPU
		{B74A3CB2-1404-4290-856C-A0C79219188B}.Release|ARM64.ActiveCfg = Release|Any CPU
		{B74A3CB2-1404-4290-856C-A0C79219188B}.Release|ARM64.Build.0 = Release|Any CPU
		{B74A3CB2-1404-4290-856C-A0C79219188B}.Release|x64.ActiveCfg = Release|Any CPU
		{B74A3CB2-1404-4290-856C-A0C79219188B}.Release|x64.Build.0 = Release|Any CPU
		{B74A3CB2-1404-4290-856C-A0C79219188B}.Release|x86.ActiveCfg = Release|Any CPU
		{B74A3CB2-1404-4290-856C-A0C79219188B}.Release|x86.Build.0 = Release|Any CPU
		{40D6FBC7-F33C-4510-B3E4-5EBB621D7AC3}.Debug|Any CPU.ActiveCfg = Debug|Any CPU
		{40D6FBC7-F33C-4510-B3E4-5EBB621D7AC3}.Debug|Any CPU.Build.0 = Debug|Any CPU
		{40D6FBC7-F33C-4510-B3E4-5EBB621D7AC3}.Debug|ARM64.ActiveCfg = Debug|Any CPU
		{40D6FBC7-F33C-4510-B3E4-5EBB621D7AC3}.Debug|ARM64.Build.0 = Debug|Any CPU
		{40D6FBC7-F33C-4510-B3E4-5EBB621D7AC3}.Debug|x64.ActiveCfg = Debug|Any CPU
		{40D6FBC7-F33C-4510-B3E4-5EBB621D7AC3}.Debug|x64.Build.0 = Debug|Any CPU
		{40D6FBC7-F33C-4510-B3E4-5EBB621D7AC3}.Debug|x86.ActiveCfg = Debug|Any CPU
		{40D6FBC7-F33C-4510-B3E4-5EBB621D7AC3}.Debug|x86.Build.0 = Debug|Any CPU
		{40D6FBC7-F33C-4510-B3E4-5EBB621D7AC3}.Release|Any CPU.ActiveCfg = Release|Any CPU
		{40D6FBC7-F33C-4510-B3E4-5EBB621D7AC3}.Release|Any CPU.Build.0 = Release|Any CPU
		{40D6FBC7-F33C-4510-B3E4-5EBB621D7AC3}.Release|ARM64.ActiveCfg = Release|Any CPU
		{40D6FBC7-F33C-4510-B3E4-5EBB621D7AC3}.Release|ARM64.Build.0 = Release|Any CPU
		{40D6FBC7-F33C-4510-B3E4-5EBB621D7AC3}.Release|x64.ActiveCfg = Release|Any CPU
		{40D6FBC7-F33C-4510-B3E4-5EBB621D7AC3}.Release|x64.Build.0 = Release|Any CPU
		{40D6FBC7-F33C-4510-B3E4-5EBB621D7AC3}.Release|x86.ActiveCfg = Release|Any CPU
		{40D6FBC7-F33C-4510-B3E4-5EBB621D7AC3}.Release|x86.Build.0 = Release|Any CPU
		{824CBEA9-0814-4EE8-A433-37ADCDC92BED}.Debug|Any CPU.ActiveCfg = Debug|Any CPU
		{824CBEA9-0814-4EE8-A433-37ADCDC92BED}.Debug|Any CPU.Build.0 = Debug|Any CPU
		{824CBEA9-0814-4EE8-A433-37ADCDC92BED}.Debug|ARM64.ActiveCfg = Debug|Any CPU
		{824CBEA9-0814-4EE8-A433-37ADCDC92BED}.Debug|ARM64.Build.0 = Debug|Any CPU
		{824CBEA9-0814-4EE8-A433-37ADCDC92BED}.Debug|x64.ActiveCfg = Debug|Any CPU
		{824CBEA9-0814-4EE8-A433-37ADCDC92BED}.Debug|x64.Build.0 = Debug|Any CPU
		{824CBEA9-0814-4EE8-A433-37ADCDC92BED}.Debug|x86.ActiveCfg = Debug|Any CPU
		{824CBEA9-0814-4EE8-A433-37ADCDC92BED}.Debug|x86.Build.0 = Debug|Any CPU
		{824CBEA9-0814-4EE8-A433-37ADCDC92BED}.Release|Any CPU.ActiveCfg = Release|Any CPU
		{824CBEA9-0814-4EE8-A433-37ADCDC92BED}.Release|Any CPU.Build.0 = Release|Any CPU
		{824CBEA9-0814-4EE8-A433-37ADCDC92BED}.Release|ARM64.ActiveCfg = Release|Any CPU
		{824CBEA9-0814-4EE8-A433-37ADCDC92BED}.Release|ARM64.Build.0 = Release|Any CPU
		{824CBEA9-0814-4EE8-A433-37ADCDC92BED}.Release|x64.ActiveCfg = Release|Any CPU
		{824CBEA9-0814-4EE8-A433-37ADCDC92BED}.Release|x64.Build.0 = Release|Any CPU
		{824CBEA9-0814-4EE8-A433-37ADCDC92BED}.Release|x86.ActiveCfg = Release|Any CPU
		{824CBEA9-0814-4EE8-A433-37ADCDC92BED}.Release|x86.Build.0 = Release|Any CPU
		{7B368510-EB9C-4809-9E4D-4D42489CCD26}.Debug|Any CPU.ActiveCfg = Debug|Any CPU
		{7B368510-EB9C-4809-9E4D-4D42489CCD26}.Debug|Any CPU.Build.0 = Debug|Any CPU
		{7B368510-EB9C-4809-9E4D-4D42489CCD26}.Debug|ARM64.ActiveCfg = Debug|Any CPU
		{7B368510-EB9C-4809-9E4D-4D42489CCD26}.Debug|ARM64.Build.0 = Debug|Any CPU
		{7B368510-EB9C-4809-9E4D-4D42489CCD26}.Debug|x64.ActiveCfg = Debug|Any CPU
		{7B368510-EB9C-4809-9E4D-4D42489CCD26}.Debug|x64.Build.0 = Debug|Any CPU
		{7B368510-EB9C-4809-9E4D-4D42489CCD26}.Debug|x86.ActiveCfg = Debug|Any CPU
		{7B368510-EB9C-4809-9E4D-4D42489CCD26}.Debug|x86.Build.0 = Debug|Any CPU
		{7B368510-EB9C-4809-9E4D-4D42489CCD26}.Release|Any CPU.ActiveCfg = Release|Any CPU
		{7B368510-EB9C-4809-9E4D-4D42489CCD26}.Release|Any CPU.Build.0 = Release|Any CPU
		{7B368510-EB9C-4809-9E4D-4D42489CCD26}.Release|ARM64.ActiveCfg = Release|Any CPU
		{7B368510-EB9C-4809-9E4D-4D42489CCD26}.Release|ARM64.Build.0 = Release|Any CPU
		{7B368510-EB9C-4809-9E4D-4D42489CCD26}.Release|x64.ActiveCfg = Release|Any CPU
		{7B368510-EB9C-4809-9E4D-4D42489CCD26}.Release|x64.Build.0 = Release|Any CPU
		{7B368510-EB9C-4809-9E4D-4D42489CCD26}.Release|x86.ActiveCfg = Release|Any CPU
		{7B368510-EB9C-4809-9E4D-4D42489CCD26}.Release|x86.Build.0 = Release|Any CPU
		{DAAA2D4A-78E5-4D3A-AC56-6EAFCFD233D2}.Debug|Any CPU.ActiveCfg = Debug|Any CPU
		{DAAA2D4A-78E5-4D3A-AC56-6EAFCFD233D2}.Debug|Any CPU.Build.0 = Debug|Any CPU
		{DAAA2D4A-78E5-4D3A-AC56-6EAFCFD233D2}.Debug|ARM64.ActiveCfg = Debug|Any CPU
		{DAAA2D4A-78E5-4D3A-AC56-6EAFCFD233D2}.Debug|ARM64.Build.0 = Debug|Any CPU
		{DAAA2D4A-78E5-4D3A-AC56-6EAFCFD233D2}.Debug|x64.ActiveCfg = Debug|Any CPU
		{DAAA2D4A-78E5-4D3A-AC56-6EAFCFD233D2}.Debug|x64.Build.0 = Debug|Any CPU
		{DAAA2D4A-78E5-4D3A-AC56-6EAFCFD233D2}.Debug|x86.ActiveCfg = Debug|Any CPU
		{DAAA2D4A-78E5-4D3A-AC56-6EAFCFD233D2}.Debug|x86.Build.0 = Debug|Any CPU
		{DAAA2D4A-78E5-4D3A-AC56-6EAFCFD233D2}.Release|Any CPU.ActiveCfg = Release|Any CPU
		{DAAA2D4A-78E5-4D3A-AC56-6EAFCFD233D2}.Release|Any CPU.Build.0 = Release|Any CPU
		{DAAA2D4A-78E5-4D3A-AC56-6EAFCFD233D2}.Release|ARM64.ActiveCfg = Release|Any CPU
		{DAAA2D4A-78E5-4D3A-AC56-6EAFCFD233D2}.Release|ARM64.Build.0 = Release|Any CPU
		{DAAA2D4A-78E5-4D3A-AC56-6EAFCFD233D2}.Release|x64.ActiveCfg = Release|Any CPU
		{DAAA2D4A-78E5-4D3A-AC56-6EAFCFD233D2}.Release|x64.Build.0 = Release|Any CPU
		{DAAA2D4A-78E5-4D3A-AC56-6EAFCFD233D2}.Release|x86.ActiveCfg = Release|Any CPU
		{DAAA2D4A-78E5-4D3A-AC56-6EAFCFD233D2}.Release|x86.Build.0 = Release|Any CPU
		{3FC146D7-DE9B-46BA-90DE-EA494E098CDA}.Debug|Any CPU.ActiveCfg = Debug|Any CPU
		{3FC146D7-DE9B-46BA-90DE-EA494E098CDA}.Debug|Any CPU.Build.0 = Debug|Any CPU
		{3FC146D7-DE9B-46BA-90DE-EA494E098CDA}.Debug|ARM64.ActiveCfg = Debug|Any CPU
		{3FC146D7-DE9B-46BA-90DE-EA494E098CDA}.Debug|ARM64.Build.0 = Debug|Any CPU
		{3FC146D7-DE9B-46BA-90DE-EA494E098CDA}.Debug|x64.ActiveCfg = Debug|Any CPU
		{3FC146D7-DE9B-46BA-90DE-EA494E098CDA}.Debug|x64.Build.0 = Debug|Any CPU
		{3FC146D7-DE9B-46BA-90DE-EA494E098CDA}.Debug|x86.ActiveCfg = Debug|Any CPU
		{3FC146D7-DE9B-46BA-90DE-EA494E098CDA}.Debug|x86.Build.0 = Debug|Any CPU
		{3FC146D7-DE9B-46BA-90DE-EA494E098CDA}.Release|Any CPU.ActiveCfg = Release|Any CPU
		{3FC146D7-DE9B-46BA-90DE-EA494E098CDA}.Release|Any CPU.Build.0 = Release|Any CPU
		{3FC146D7-DE9B-46BA-90DE-EA494E098CDA}.Release|ARM64.ActiveCfg = Release|Any CPU
		{3FC146D7-DE9B-46BA-90DE-EA494E098CDA}.Release|ARM64.Build.0 = Release|Any CPU
		{3FC146D7-DE9B-46BA-90DE-EA494E098CDA}.Release|x64.ActiveCfg = Release|Any CPU
		{3FC146D7-DE9B-46BA-90DE-EA494E098CDA}.Release|x64.Build.0 = Release|Any CPU
		{3FC146D7-DE9B-46BA-90DE-EA494E098CDA}.Release|x86.ActiveCfg = Release|Any CPU
		{3FC146D7-DE9B-46BA-90DE-EA494E098CDA}.Release|x86.Build.0 = Release|Any CPU
		{81A58EE5-86F7-47B4-9945-56EF8CBA803B}.Debug|Any CPU.ActiveCfg = Debug|Any CPU
		{81A58EE5-86F7-47B4-9945-56EF8CBA803B}.Debug|Any CPU.Build.0 = Debug|Any CPU
		{81A58EE5-86F7-47B4-9945-56EF8CBA803B}.Debug|ARM64.ActiveCfg = Debug|Any CPU
		{81A58EE5-86F7-47B4-9945-56EF8CBA803B}.Debug|ARM64.Build.0 = Debug|Any CPU
		{81A58EE5-86F7-47B4-9945-56EF8CBA803B}.Debug|x64.ActiveCfg = Debug|Any CPU
		{81A58EE5-86F7-47B4-9945-56EF8CBA803B}.Debug|x64.Build.0 = Debug|Any CPU
		{81A58EE5-86F7-47B4-9945-56EF8CBA803B}.Debug|x86.ActiveCfg = Debug|Any CPU
		{81A58EE5-86F7-47B4-9945-56EF8CBA803B}.Debug|x86.Build.0 = Debug|Any CPU
		{81A58EE5-86F7-47B4-9945-56EF8CBA803B}.Release|Any CPU.ActiveCfg = Release|Any CPU
		{81A58EE5-86F7-47B4-9945-56EF8CBA803B}.Release|Any CPU.Build.0 = Release|Any CPU
		{81A58EE5-86F7-47B4-9945-56EF8CBA803B}.Release|ARM64.ActiveCfg = Release|Any CPU
		{81A58EE5-86F7-47B4-9945-56EF8CBA803B}.Release|ARM64.Build.0 = Release|Any CPU
		{81A58EE5-86F7-47B4-9945-56EF8CBA803B}.Release|x64.ActiveCfg = Release|Any CPU
		{81A58EE5-86F7-47B4-9945-56EF8CBA803B}.Release|x64.Build.0 = Release|Any CPU
		{81A58EE5-86F7-47B4-9945-56EF8CBA803B}.Release|x86.ActiveCfg = Release|Any CPU
		{81A58EE5-86F7-47B4-9945-56EF8CBA803B}.Release|x86.Build.0 = Release|Any CPU
	EndGlobalSection
	GlobalSection(SolutionProperties) = preSolution
		HideSolutionNode = FALSE
	EndGlobalSection
	GlobalSection(NestedProjects) = preSolution
		{52870252-B44F-4597-9E0C-314FFE4969C5} = {07974B37-9C39-4918-8082-9CA110DA9C6E}
		{64D04C1C-386F-40B7-B8A8-07776802340B} = {07974B37-9C39-4918-8082-9CA110DA9C6E}
		{2C7B5101-55FC-489A-9CEE-7B2E048D2BE8} = {813FB0A8-327A-4F71-82D5-D6FFCDADCD40}
		{3168C736-EED6-4D03-972D-210FCDA690EC} = {813FB0A8-327A-4F71-82D5-D6FFCDADCD40}
		{F53AA63A-F8D4-471C-B49E-B2A8BF33A738} = {32868E13-D18F-4A51-9A11-AE8662E7CA74}
		{6BE2FBE3-C80B-4BCD-84A5-4D804E895BB8} = {32868E13-D18F-4A51-9A11-AE8662E7CA74}
		{7744C5ED-DA85-4F13-8E0E-A0DCFDB2EAB3} = {330D3B5A-E7EC-4BDA-A4CA-63618B5B16EC}
		{E8F52CBB-6488-4F70-9428-705D1C480395} = {330D3B5A-E7EC-4BDA-A4CA-63618B5B16EC}
		{B74A3CB2-1404-4290-856C-A0C79219188B} = {BB91018B-026D-4B3D-8D21-D85010305E6C}
		{40D6FBC7-F33C-4510-B3E4-5EBB621D7AC3} = {BB91018B-026D-4B3D-8D21-D85010305E6C}
		{824CBEA9-0814-4EE8-A433-37ADCDC92BED} = {813FB0A8-327A-4F71-82D5-D6FFCDADCD40}
		{7B368510-EB9C-4809-9E4D-4D42489CCD26} = {813FB0A8-327A-4F71-82D5-D6FFCDADCD40}
		{DAAA2D4A-78E5-4D3A-AC56-6EAFCFD233D2} = {813FB0A8-327A-4F71-82D5-D6FFCDADCD40}
		{3FC146D7-DE9B-46BA-90DE-EA494E098CDA} = {813FB0A8-327A-4F71-82D5-D6FFCDADCD40}
		{81A58EE5-86F7-47B4-9945-56EF8CBA803B} = {813FB0A8-327A-4F71-82D5-D6FFCDADCD40}
	EndGlobalSection
	GlobalSection(ExtensibilityGlobals) = postSolution
		SolutionGuid = {0B1CE56D-F351-415B-8CDA-542BFE215A78}
	EndGlobalSection
EndGlobal
