
Microsoft Visual Studio Solution File, Format Version 12.00
# Visual Studio Version 17
VisualStudioVersion = 17.7.33711.374
MinimumVisualStudioVersion = 10.0.40219.1
Project("{9A19103F-16F7-4668-BE54-9A1E7A4F7556}") = "FileRead", "src\PluginSkills\FileRead\FileRead.csproj", "{2A99C60C-097F-4F46-B0BC-B392783FCFA5}"
EndProject
Project("{9A19103F-16F7-4668-BE54-9A1E7A4F7556}") = "GetWebContent", "src\PluginSkills\GetWebContent\GetWebContent.csproj", "{89986F84-2E4F-46E4-BFA9-E9C9173D4E64}"
EndProject
Project("{9A19103F-16F7-4668-BE54-9A1E7A4F7556}") = "TextParser", "src\PluginSkills\TextParser\TextParser.csproj", "{8EAFF92D-4D4E-470B-AF59-730737D0EBA1}"
EndProject
Project("{FAE04EC0-301F-11D3-BF4B-00C04F79EFBC}") = "Clipboard", "src\PluginSkills\Clipboard\Clipboard.csproj", "{813F6872-1479-47FB-8904-70465973CDD3}"
EndProject
Global
	GlobalSection(SolutionConfigurationPlatforms) = preSolution
		Debug|Any CPU = Debug|Any CPU
		Debug|x64 = Debug|x64
		Release|Any CPU = Release|Any CPU
		Release|x64 = Release|x64
	EndGlobalSection
	GlobalSection(ProjectConfigurationPlatforms) = postSolution
		{2A99C60C-097F-4F46-B0BC-B392783FCFA5}.Debug|Any CPU.ActiveCfg = Debug|Any CPU
		{2A99C60C-097F-4F46-B0BC-B392783FCFA5}.Debug|Any CPU.Build.0 = Debug|Any CPU
		{2A99C60C-097F-4F46-B0BC-B392783FCFA5}.Debug|x64.ActiveCfg = Debug|x64
		{2A99C60C-097F-4F46-B0BC-B392783FCFA5}.Debug|x64.Build.0 = Debug|x64
		{2A99C60C-097F-4F46-B0BC-B392783FCFA5}.Release|Any CPU.ActiveCfg = Release|Any CPU
		{2A99C60C-097F-4F46-B0BC-B392783FCFA5}.Release|Any CPU.Build.0 = Release|Any CPU
		{2A99C60C-097F-4F46-B0BC-B392783FCFA5}.Release|x64.ActiveCfg = Release|x64
		{2A99C60C-097F-4F46-B0BC-B392783FCFA5}.Release|x64.Build.0 = Release|x64
		{89986F84-2E4F-46E4-BFA9-E9C9173D4E64}.Debug|Any CPU.ActiveCfg = Debug|Any CPU
		{89986F84-2E4F-46E4-BFA9-E9C9173D4E64}.Debug|Any CPU.Build.0 = Debug|Any CPU
		{89986F84-2E4F-46E4-BFA9-E9C9173D4E64}.Debug|x64.ActiveCfg = Debug|Any CPU
		{89986F84-2E4F-46E4-BFA9-E9C9173D4E64}.Debug|x64.Build.0 = Debug|Any CPU
		{89986F84-2E4F-46E4-BFA9-E9C9173D4E64}.Release|Any CPU.ActiveCfg = Release|Any CPU
		{89986F84-2E4F-46E4-BFA9-E9C9173D4E64}.Release|Any CPU.Build.0 = Release|Any CPU
		{89986F84-2E4F-46E4-BFA9-E9C9173D4E64}.Release|x64.ActiveCfg = Release|Any CPU
		{89986F84-2E4F-46E4-BFA9-E9C9173D4E64}.Release|x64.Build.0 = Release|Any CPU
		{8EAFF92D-4D4E-470B-AF59-730737D0EBA1}.Debug|Any CPU.ActiveCfg = Debug|Any CPU
		{8EAFF92D-4D4E-470B-AF59-730737D0EBA1}.Debug|Any CPU.Build.0 = Debug|Any CPU
		{8EAFF92D-4D4E-470B-AF59-730737D0EBA1}.Debug|x64.ActiveCfg = Debug|Any CPU
		{8EAFF92D-4D4E-470B-AF59-730737D0EBA1}.Debug|x64.Build.0 = Debug|Any CPU
		{8EAFF92D-4D4E-470B-AF59-730737D0EBA1}.Release|Any CPU.ActiveCfg = Release|Any CPU
		{8EAFF92D-4D4E-470B-AF59-730737D0EBA1}.Release|Any CPU.Build.0 = Release|Any CPU
		{8EAFF92D-4D4E-470B-AF59-730737D0EBA1}.Release|x64.ActiveCfg = Release|Any CPU
		{8EAFF92D-4D4E-470B-AF59-730737D0EBA1}.Release|x64.Build.0 = Release|Any CPU
		{813F6872-1479-47FB-8904-70465973CDD3}.Debug|Any CPU.ActiveCfg = Debug|Any CPU
		{813F6872-1479-47FB-8904-70465973CDD3}.Debug|Any CPU.Build.0 = Debug|Any CPU
		{813F6872-1479-47FB-8904-70465973CDD3}.Debug|x64.ActiveCfg = Debug|Any CPU
		{813F6872-1479-47FB-8904-70465973CDD3}.Debug|x64.Build.0 = Debug|Any CPU
		{813F6872-1479-47FB-8904-70465973CDD3}.Release|Any CPU.ActiveCfg = Release|Any CPU
		{813F6872-1479-47FB-8904-70465973CDD3}.Release|Any CPU.Build.0 = Release|Any CPU
		{813F6872-1479-47FB-8904-70465973CDD3}.Release|x64.ActiveCfg = Release|Any CPU
		{813F6872-1479-47FB-8904-70465973CDD3}.Release|x64.Build.0 = Release|Any CPU
	EndGlobalSection
	GlobalSection(SolutionProperties) = preSolution
		HideSolutionNode = FALSE
	EndGlobalSection
	GlobalSection(ExtensibilityGlobals) = postSolution
		SolutionGuid = {89281FC0-011A-4064-8984-F047D9F49DED}
	EndGlobalSection
EndGlobal
